// !$*UTF8*$!
{
	archiveVersion = 1;
	classes = {
	};
	objectVersion = 46;
	objects = {

/* Begin PBXBuildFile section */
		C2777B391C81452400A6488A /* AppDelegate.swift in Sources */ = {isa = PBXBuildFile; fileRef = C2777B381C81452400A6488A /* AppDelegate.swift */; };
		C2777B3B1C81452400A6488A /* ViewController.swift in Sources */ = {isa = PBXBuildFile; fileRef = C2777B3A1C81452400A6488A /* ViewController.swift */; };
		C2777B3E1C81452400A6488A /* Main.storyboard in Resources */ = {isa = PBXBuildFile; fileRef = C2777B3C1C81452400A6488A /* Main.storyboard */; };
		C2777B401C81452400A6488A /* Assets.xcassets in Resources */ = {isa = PBXBuildFile; fileRef = C2777B3F1C81452400A6488A /* Assets.xcassets */; };
		C2777B431C81452400A6488A /* LaunchScreen.storyboard in Resources */ = {isa = PBXBuildFile; fileRef = C2777B411C81452400A6488A /* LaunchScreen.storyboard */; };
/* End PBXBuildFile section */

/* Begin PBXFileReference section */
		C2777B351C81452400A6488A /* Launch Hackathon.app */ = {isa = PBXFileReference; explicitFileType = wrapper.application; includeInIndex = 0; path = "Launch Hackathon.app"; sourceTree = BUILT_PRODUCTS_DIR; };
		C2777B381C81452400A6488A /* AppDelegate.swift */ = {isa = PBXFileReference; lastKnownFileType = sourcecode.swift; path = AppDelegate.swift; sourceTree = "<group>"; };
		C2777B3A1C81452400A6488A /* ViewController.swift */ = {isa = PBXFileReference; lastKnownFileType = sourcecode.swift; path = ViewController.swift; sourceTree = "<group>"; };
		C2777B3D1C81452400A6488A /* Base */ = {isa = PBXFileReference; lastKnownFileType = file.storyboard; name = Base; path = Base.lproj/Main.storyboard; sourceTree = "<group>"; };
		C2777B3F1C81452400A6488A /* Assets.xcassets */ = {isa = PBXFileReference; lastKnownFileType = folder.assetcatalog; path = Assets.xcassets; sourceTree = "<group>"; };
		C2777B421C81452400A6488A /* Base */ = {isa = PBXFileReference; lastKnownFileType = file.storyboard; name = Base; path = Base.lproj/LaunchScreen.storyboard; sourceTree = "<group>"; };
		C2777B441C81452400A6488A /* Info.plist */ = {isa = PBXFileReference; lastKnownFileType = text.plist.xml; path = Info.plist; sourceTree = "<group>"; };
/* End PBXFileReference section */

/* Begin PBXFrameworksBuildPhase section */
		C2777B321C81452400A6488A /* Frameworks */ = {
			isa = PBXFrameworksBuildPhase;
			buildActionMask = 2147483647;
			files = (
			);
			runOnlyForDeploymentPostprocessing = 0;
		};
/* End PBXFrameworksBuildPhase section */

/* Begin PBXGroup section */
		C2777B2C1C81452400A6488A = {
			isa = PBXGroup;
			children = (
				C2777B371C81452400A6488A /* Launch Hackathon */,
				C2777B361C81452400A6488A /* Products */,
			);
			sourceTree = "<group>";
		};
		C2777B361C81452400A6488A /* Products */ = {
			isa = PBXGroup;
			children = (
				C2777B351C81452400A6488A /* Launch Hackathon.app */,
			);
			name = Products;
			sourceTree = "<group>";
		};
		C2777B371C81452400A6488A /* Launch Hackathon */ = {
			isa = PBXGroup;
			children = (
				C2777B381C81452400A6488A /* AppDelegate.swift */,
				C2777B3A1C81452400A6488A /* ViewController.swift */,
				C2777B3C1C81452400A6488A /* Main.storyboard */,
				C2777B3F1C81452400A6488A /* Assets.xcassets */,
				C2777B411C81452400A6488A /* LaunchScreen.storyboard */,
				C2777B441C81452400A6488A /* Info.plist */,
			);
			path = "Launch Hackathon";
			sourceTree = "<group>";
		};
/* End PBXGroup section */

/* Begin PBXNativeTarget section */
		C2777B341C81452400A6488A /* Launch Hackathon */ = {
			isa = PBXNativeTarget;
			buildConfigurationList = C2777B471C81452400A6488A /* Build configuration list for PBXNativeTarget "Launch Hackathon" */;
			buildPhases = (
				C2777B311C81452400A6488A /* Sources */,
				C2777B321C81452400A6488A /* Frameworks */,
				C2777B331C81452400A6488A /* Resources */,
			);
			buildRules = (
			);
			dependencies = (
			);
			name = "Launch Hackathon";
			productName = "Launch Hackathon";
			productReference = C2777B351C81452400A6488A /* Launch Hackathon.app */;
			productType = "com.apple.product-type.application";
		};
/* End PBXNativeTarget section */

/* Begin PBXProject section */
		C2777B2D1C81452400A6488A /* Project object */ = {
			isa = PBXProject;
			attributes = {
				LastSwiftUpdateCheck = 0720;
				LastUpgradeCheck = 0720;
				ORGANIZATIONNAME = "Lucas Farah";
				TargetAttributes = {
					C2777B341C81452400A6488A = {
						CreatedOnToolsVersion = 7.2;
					};
				};
			};
			buildConfigurationList = C2777B301C81452400A6488A /* Build configuration list for PBXProject "Launch Hackathon" */;
			compatibilityVersion = "Xcode 3.2";
			developmentRegion = English;
			hasScannedForEncodings = 0;
			knownRegions = (
				en,
				Base,
			);
			mainGroup = C2777B2C1C81452400A6488A;
			productRefGroup = C2777B361C81452400A6488A /* Products */;
			projectDirPath = "";
			projectRoot = "";
			targets = (
				C2777B341C81452400A6488A /* Launch Hackathon */,
			);
		};
/* End PBXProject section */

/* Begin PBXResourcesBuildPhase section */
		C2777B331C81452400A6488A /* Resources */ = {
			isa = PBXResourcesBuildPhase;
			buildActionMask = 2147483647;
			files = (
				C2777B431C81452400A6488A /* LaunchScreen.storyboard in Resources */,
				C2777B401C81452400A6488A /* Assets.xcassets in Resources */,
				C2777B3E1C81452400A6488A /* Main.storyboard in Resources */,
			);
			runOnlyForDeploymentPostprocessing = 0;
		};
/* End PBXResourcesBuildPhase section */

/* Begin PBXSourcesBuildPhase section */
		C2777B311C81452400A6488A /* Sources */ = {
			isa = PBXSourcesBuildPhase;
			buildActionMask = 2147483647;
			files = (
				C2777B3B1C81452400A6488A /* ViewController.swift in Sources */,
				C2777B391C81452400A6488A /* AppDelegate.swift in Sources */,
			);
			runOnlyForDeploymentPostprocessing = 0;
		};
/* End PBXSourcesBuildPhase section */

/* Begin PBXVariantGroup section */
		C2777B3C1C81452400A6488A /* Main.storyboard */ = {
			isa = PBXVariantGroup;
			children = (
				C2777B3D1C81452400A6488A /* Base */,
			);
			name = Main.storyboard;
			sourceTree = "<group>";
		};
		C2777B411C81452400A6488A /* LaunchScreen.storyboard */ = {
			isa = PBXVariantGroup;
			children = (
				C2777B421C81452400A6488A /* Base */,
			);
			name = LaunchScreen.storyboard;
			sourceTree = "<group>";
		};
/* End PBXVariantGroup section */

/* Begin XCBuildConfiguration section */
		C2777B451C81452400A6488A /* Debug */ = {
			isa = XCBuildConfiguration;
			buildSettings = {
				ALWAYS_SEARCH_USER_PATHS = NO;
				CLANG_CXX_LANGUAGE_STANDARD = "gnu++0x";
				CLANG_CXX_LIBRARY = "libc++";
				CLANG_ENABLE_MODULES = YES;
				CLANG_ENABLE_OBJC_ARC = YES;
				CLANG_WARN_BOOL_CONVERSION = YES;
				CLANG_WARN_CONSTANT_CONVERSION = YES;
				CLANG_WARN_DIRECT_OBJC_ISA_USAGE = YES_ERROR;
				CLANG_WARN_EMPTY_BODY = YES;
				CLANG_WARN_ENUM_CONVERSION = YES;
				CLANG_WARN_INT_CONVERSION = YES;
				CLANG_WARN_OBJC_ROOT_CLASS = YES_ERROR;
				CLANG_WARN_UNREACHABLE_CODE = YES;
				CLANG_WARN__DUPLICATE_METHOD_MATCH = YES;
				"CODE_SIGN_IDENTITY[sdk=iphoneos*]" = "iPhone Developer";
				COPY_PHASE_STRIP = NO;
				DEBUG_INFORMATION_FORMAT = dwarf;
				ENABLE_STRICT_OBJC_MSGSEND = YES;
				ENABLE_TESTABILITY = YES;
				GCC_C_LANGUAGE_STANDARD = gnu99;
				GCC_DYNAMIC_NO_PIC = NO;
				GCC_NO_COMMON_BLOCKS = YES;
				GCC_OPTIMIZATION_LEVEL = 0;
				GCC_PREPROCESSOR_DEFINITIONS = (
					"DEBUG=1",
					"$(inherited)",
				);
				GCC_WARN_64_TO_32_BIT_CONVERSION = YES;
				GCC_WARN_ABOUT_RETURN_TYPE = YES_ERROR;
				GCC_WARN_UNDECLARED_SELECTOR = YES;
				GCC_WARN_UNINITIALIZED_AUTOS = YES_AGGRESSIVE;
				GCC_WARN_UNUSED_FUNCTION = YES;
				GCC_WARN_UNUSED_VARIABLE = YES;
				IPHONEOS_DEPLOYMENT_TARGET = 9.2;
				MTL_ENABLE_DEBUG_INFO = YES;
				ONLY_ACTIVE_ARCH = YES;
				SDKROOT = iphoneos;
				SWIFT_OPTIMIZATION_LEVEL = "-Onone";
			};
			name = Debug;
		};
		C2777B461C81452400A6488A /* Release */ = {
			isa = XCBuildConfiguration;
			buildSettings = {
				ALWAYS_SEARCH_USER_PATHS = NO;
				CLANG_CXX_LANGUAGE_STANDARD = "gnu++0x";
				CLANG_CXX_LIBRARY = "libc++";
				CLANG_ENABLE_MODULES = YES;
				CLANG_ENABLE_OBJC_ARC = YES;
				CLANG_WARN_BOOL_CONVERSION = YES;
				CLANG_WARN_CONSTANT_CONVERSION = YES;
				CLANG_WARN_DIRECT_OBJC_ISA_USAGE = YES_ERROR;
				CLANG_WARN_EMPTY_BODY = YES;
				CLANG_WARN_ENUM_CONVERSION = YES;
				CLANG_WARN_INT_CONVERSION = YES;
				CLANG_WARN_OBJC_ROOT_CLASS = YES_ERROR;
				CLANG_WARN_UNREACHABLE_CODE = YES;
				CLANG_WARN__DUPLICATE_METHOD_MATCH = YES;
				"CODE_SIGN_IDENTITY[sdk=iphoneos*]" = "iPhone Developer";
				COPY_PHASE_STRIP = NO;
				DEBUG_INFORMATION_FORMAT = "dwarf-with-dsym";
				ENABLE_NS_ASSERTIONS = NO;
				ENABLE_STRICT_OBJC_MSGSEND = YES;
				GCC_C_LANGUAGE_STANDARD = gnu99;
				GCC_NO_COMMON_BLOCKS = YES;
				GCC_WARN_64_TO_32_BIT_CONVERSION = YES;
				GCC_WARN_ABOUT_RETURN_TYPE = YES_ERROR;
				GCC_WARN_UNDECLARED_SELECTOR = YES;
				GCC_WARN_UNINITIALIZED_AUTOS = YES_AGGRESSIVE;
				GCC_WARN_UNUSED_FUNCTION = YES;
				GCC_WARN_UNUSED_VARIABLE = YES;
				IPHONEOS_DEPLOYMENT_TARGET = 9.2;
				MTL_ENABLE_DEBUG_INFO = NO;
				SDKROOT = iphoneos;
				VALIDATE_PRODUCT = YES;
			};
			name = Release;
		};
		C2777B481C81452400A6488A /* Debug */ = {
			isa = XCBuildConfiguration;
			buildSettings = {
				ASSETCATALOG_COMPILER_APPICON_NAME = AppIcon;
				INFOPLIST_FILE = "Launch Hackathon/Info.plist";
				LD_RUNPATH_SEARCH_PATHS = "$(inherited) @executable_path/Frameworks";
				PRODUCT_BUNDLE_IDENTIFIER = "farah.lucas.Launch-Hackathon";
				PRODUCT_NAME = "$(TARGET_NAME)";
			};
			name = Debug;
		};
		C2777B491C81452400A6488A /* Release */ = {
			isa = XCBuildConfiguration;
			buildSettings = {
				ASSETCATALOG_COMPILER_APPICON_NAME = AppIcon;
				INFOPLIST_FILE = "Launch Hackathon/Info.plist";
				LD_RUNPATH_SEARCH_PATHS = "$(inherited) @executable_path/Frameworks";
				PRODUCT_BUNDLE_IDENTIFIER = "farah.lucas.Launch-Hackathon";
				PRODUCT_NAME = "$(TARGET_NAME)";
			};
			name = Release;
		};
/* End XCBuildConfiguration section */

/* Begin XCConfigurationList section */
		C2777B301C81452400A6488A /* Build configuration list for PBXProject "Launch Hackathon" */ = {
			isa = XCConfigurationList;
			buildConfigurations = (
				C2777B451C81452400A6488A /* Debug */,
				C2777B461C81452400A6488A /* Release */,
			);
			defaultConfigurationIsVisible = 0;
			defaultConfigurationName = Release;
		};
		C2777B471C81452400A6488A /* Build configuration list for PBXNativeTarget "Launch Hackathon" */ = {
			isa = XCConfigurationList;
			buildConfigurations = (
				C2777B481C81452400A6488A /* Debug */,
				C2777B491C81452400A6488A /* Release */,
			);
			defaultConfigurationIsVisible = 0;
		};
/* End XCConfigurationList section */
	};
	rootObject = C2777B2D1C81452400A6488A /* Project object */;
}
